{
  "lockfileVersion": 1,
  "configVersion": 1,
  "workspaces": {
    "": {
      "name": "tradingview-slack",
      "dependencies": {
        "playwright-core": "^1.58.1",
        "ws": "^8.19.0",
      },
    },
  },
  "packages": {
    "playwright-core": ["playwright-core@1.58.1", "", { "bin": { "playwright-core": "cli.js" } }, "sha512-bcWzOaTxcW+VOOGBCQgnaKToLJ65d6AqfLVKEWvexyS3AS6rbXl+xdpYRMGSRBClPvyj44njOWoxjNdL/H9UNg=="],

    "ws": ["ws@8.19.0", "", { "peerDependencies": { "bufferutil": "^4.0.1", "utf-8-validate": ">=5.0.2" }, "optionalPeers": ["bufferutil", "utf-8-validate"] }, "sha512-blAT2mjOEIi0ZzruJfIhb3nps74PRWTCz1IjglWEEpQl5XS/UNama6u2/rjFkDDouqr4L67ry+1aGIALViWjDg=="],
  }
}
